version=v3.5.2
install_url=https://raw.githubusercontent.com/argoproj/argo-cd/v3.5.2/manifests/install.yaml
install_sha256=9a87f2b3e14c278f12501eb0ef5c3955b27cf05370ca425381c6a908cf85a5c5
version_url=https://raw.githubusercontent.com/argoproj/argo-cd/v3.5.2/VERSION
version_sha256=36e68867ce939b2464649670eb1b3f9759d1a99e7326dac3c79d0942e01f5d65
kind_node_image=kindest/node:v1.34.0@sha256:7416a61b42b1662ca6ca89f02028ac133a309a2a30ba309614e8ec94d976dc5a
source_server_image=python:3.13.13-alpine3.23@sha256:420cd0bf0f3998275875e02ecd5808168cf0843cbb4d3c536432f729247b2acc
