version=v3.5.2
install_url=https://raw.githubusercontent.com/argoproj/argo-cd/v3.5.2/manifests/ha/install.yaml
install_sha256=2ce4de1f93549619a72fa7aee124d92fe73aa28ad062f1c614e15b5576ca0466
version_url=https://raw.githubusercontent.com/argoproj/argo-cd/v3.5.2/VERSION
version_sha256=36e68867ce939b2464649670eb1b3f9759d1a99e7326dac3c79d0942e01f5d65
