version=v3.4.8
install_url=https://raw.githubusercontent.com/argoproj/argo-cd/v3.4.8/manifests/install.yaml
install_sha256=e223122b1bb3f6146e1229889d0ddfbc8bd45a86acc1d0df09a578fbaf0cf628
version_url=https://raw.githubusercontent.com/argoproj/argo-cd/v3.4.8/VERSION
version_sha256=66c0484047b4b71f7545bc0d80f2e1ef67c7cd627ca34b181b14d672a63d043b
